# This file is automatically @generated by Cargo.
# It is not intended for manual editing.
version = 3

[[package]]
name = "addr2line"
version = "0.22.0"
source = "registry+https://github.com/rust-lang/crates.io-index"
checksum = "6e4503c46a5c0c7844e948c9a4d6acd9f50cccb4de1c48eb9e291ea17470c678"
dependencies = [
 "gimli",
]

[[package]]
name = "adler"
version = "1.0.2"
source = "registry+https://github.com/rust-lang/crates.io-index"
checksum = "f26201604c87b1e01bd3d98f8d5d9a8fcbb815e8cedb41ffccbeb4bf593a35fe"

[[package]]
name = "aho-corasick"
version = "1.1.3"
source = "registry+https://github.com/rust-lang/crates.io-index"
checksum = "8e60d3430d3a69478ad0993f19238d2df97c507009a52b3c10addcd7f6bcb916"
dependencies = [
 "memchr",
]

[[package]]
name = "allo-isolate"
version = "0.1.25"
source = "registry+https://github.com/rust-lang/crates.io-index"
checksum = "97b6d794345b06592d0ebeed8e477e41b71e5a0a49df4fc0e4184d5938b99509"
dependencies = [
 "atomic",
]

[[package]]
name = "alsa"
version = "0.9.0"
source = "registry+https://github.com/rust-lang/crates.io-index"
checksum = "37fe60779335388a88c01ac6c3be40304d1e349de3ada3b15f7808bb90fa9dce"
dependencies = [
 "alsa-sys",
 "bitflags 2.6.0",
 "libc",
]

[[package]]
name = "alsa-sys"
version = "0.3.1"
source = "registry+https://github.com/rust-lang/crates.io-index"
checksum = "db8fee663d06c4e303404ef5f40488a53e062f89ba8bfed81f42325aafad1527"
dependencies = [
 "libc",
 "pkg-config",
]

[[package]]
name = "anyhow"
version = "1.0.86"
source = "registry+https://github.com/rust-lang/crates.io-index"
checksum = "b3d1d046238990b9cf5bcde22a3fb3584ee5cf65fb2765f454ed428c7a0063da"

[[package]]
name = "atomic"
version = "0.5.3"
source = "registry+https://github.com/rust-lang/crates.io-index"
checksum = "c59bdb34bc650a32731b31bd8f0829cc15d24a708ee31559e0bb34f2bc320cba"

[[package]]
name = "autocfg"
version = "1.3.0"
source = "registry+https://github.com/rust-lang/crates.io-index"
checksum = "0c4b4d0bd25bd0b74681c0ad21497610ce1b7c91b1022cd21c80c6fbdd9476b0"

[[package]]
name = "backtrace"
version = "0.3.73"
source = "registry+https://github.com/rust-lang/crates.io-index"
checksum = "5cc23269a4f8976d0a4d2e7109211a419fe30e8d88d677cd60b6bc79c5732e0a"
dependencies = [
 "addr2line",
 "cc",
 "cfg-if",
 "libc",
 "miniz_oxide",
 "object",
 "rustc-demangle",
]

[[package]]
name = "base64"
version = "0.22.1"
source = "registry+https://github.com/rust-lang/crates.io-index"
checksum = "72b3254f16251a8381aa12e40e3c4d2f0199f8c6508fbecb9d91f575e0fbb8c6"

[[package]]
name = "bindgen"
version = "0.69.4"
source = "registry+https://github.com/rust-lang/crates.io-index"
checksum = "a00dc851838a2120612785d195287475a3ac45514741da670b735818822129a0"
dependencies = [
 "bitflags 2.6.0",
 "cexpr",
 "clang-sys",
 "itertools",
 "lazy_static",
 "lazycell",
 "proc-macro2",
 "quote",
 "regex",
 "rustc-hash",
 "shlex",
 "syn",
]

[[package]]
name = "bitflags"
version = "1.3.2"
source = "registry+https://github.com/rust-lang/crates.io-index"
checksum = "bef38d45163c2f1dde094a7dfd33ccf595c92905c8f8f4fdc18d06fb1037718a"

[[package]]
name = "bitflags"
version = "2.6.0"
source = "registry+https://github.com/rust-lang/crates.io-index"
checksum = "b048fb63fd8b5923fc5aa7b340d8e156aec7ec02f0c78fa8a6ddc2613f6f71de"

[[package]]
name = "bumpalo"
version = "3.16.0"
source = "registry+https://github.com/rust-lang/crates.io-index"
checksum = "79296716171880943b8470b5f8d03aa55eb2e645a4874bdbb28adb49162e012c"

[[package]]
name = "byte-slice-cast"
version = "1.2.2"
source = "registry+https://github.com/rust-lang/crates.io-index"
checksum = "c3ac9f8b63eca6fd385229b3675f6cc0dc5c8a5c8a54a59d4f52ffd670d87b0c"

[[package]]
name = "byteorder"
version = "1.5.0"
source = "registry+https://github.com/rust-lang/crates.io-index"
checksum = "1fd0f2584146f6f2ef48085050886acf353beff7305ebd1ae69500e27c67f64b"

[[package]]
name = "bytes"
version = "1.7.1"
source = "registry+https://github.com/rust-lang/crates.io-index"
checksum = "8318a53db07bb3f8dca91a600466bdb3f2eaadeedfdbcf02e1accbad9271ba50"

[[package]]
name = "cc"
version = "1.1.7"
source = "registry+https://github.com/rust-lang/crates.io-index"
checksum = "26a5c3fd7bfa1ce3897a3a3501d362b2d87b7f2583ebcb4a949ec25911025cbc"
dependencies = [
 "jobserver",
 "libc",
]

[[package]]
name = "cesu8"
version = "1.1.0"
source = "registry+https://github.com/rust-lang/crates.io-index"
checksum = "6d43a04d8753f35258c91f8ec639f792891f748a1edbd759cf1dcea3382ad83c"

[[package]]
name = "cexpr"
version = "0.6.0"
source = "registry+https://github.com/rust-lang/crates.io-index"
checksum = "6fac387a98bb7c37292057cffc56d62ecb629900026402633ae9160df93a8766"
dependencies = [
 "nom",
]

[[package]]
name = "cfg-if"
version = "1.0.0"
source = "registry+https://github.com/rust-lang/crates.io-index"
checksum = "baf1de4339761588bc0619e3cbc0120ee582ebb74b53b4efbf79117bd2da40fd"

[[package]]
name = "clang-sys"
version = "1.8.1"
source = "registry+https://github.com/rust-lang/crates.io-index"
checksum = "0b023947811758c97c59bf9d1c188fd619ad4718dcaa767947df1cadb14f39f4"
dependencies = [
 "glob",
 "libc",
 "libloading",
]

[[package]]
name = "combine"
version = "4.6.7"
source = "registry+https://github.com/rust-lang/crates.io-index"
checksum = "ba5a308b75df32fe02788e748662718f03fde005016435c444eea572398219fd"
dependencies = [
 "bytes",
 "memchr",
]

[[package]]
name = "core-foundation-sys"
version = "0.8.7"
source = "registry+https://github.com/rust-lang/crates.io-index"
checksum = "773648b94d0e5d620f64f280777445740e61fe701025087ec8b57f45c791888b"

[[package]]
name = "coreaudio-rs"
version = "0.11.3"
source = "registry+https://github.com/rust-lang/crates.io-index"
checksum = "321077172d79c662f64f5071a03120748d5bb652f5231570141be24cfcd2bace"
dependencies = [
 "bitflags 1.3.2",
 "core-foundation-sys",
 "coreaudio-sys",
]

[[package]]
name = "coreaudio-sys"
version = "0.2.15"
source = "registry+https://github.com/rust-lang/crates.io-index"
checksum = "7f01585027057ff5f0a5bf276174ae4c1594a2c5bde93d5f46a016d76270f5a9"
dependencies = [
 "bindgen",
]

[[package]]
name = "cpal"
version = "0.15.3"
source = "git+https://github.com/sidit77/cpal.git?branch=master#66ed6bec97f25ec7f02a82f50d1aa9aef733a58e"
dependencies = [
 "alsa",
 "core-foundation-sys",
 "coreaudio-rs",
 "dasp_sample",
 "jni",
 "js-sys",
 "libc",
 "mach2",
 "ndk",
 "ndk-context",
 "oboe",
 "wasm-bindgen",
 "wasm-bindgen-futures",
 "web-sys",
 "windows",
]

[[package]]
name = "crc32fast"
version = "1.4.2"
source = "registry+https://github.com/rust-lang/crates.io-index"
checksum = "a97769d94ddab943e4510d138150169a2758b5ef3eb191a9ee688de3e23ef7b3"
dependencies = [
 "cfg-if",
]

[[package]]
name = "crossbeam-deque"
version = "0.8.5"
source = "registry+https://github.com/rust-lang/crates.io-index"
checksum = "613f8cc01fe9cf1a3eb3d7f488fd2fa8388403e97039e2f73692932e291a770d"
dependencies = [
 "crossbeam-epoch",
 "crossbeam-utils",
]

[[package]]
name = "crossbeam-epoch"
version = "0.9.18"
source = "registry+https://github.com/rust-lang/crates.io-index"
checksum = "5b82ac4a3c2ca9c3460964f020e1402edd5753411d7737aa39c3714ad1b5420e"
dependencies = [
 "crossbeam-utils",
]

[[package]]
name = "crossbeam-utils"
version = "0.8.20"
source = "registry+https://github.com/rust-lang/crates.io-index"
checksum = "22ec99545bb0ed0ea7bb9b8e1e9122ea386ff8a48c0922e43f36d45ab09e0e80"

[[package]]
name = "dasp_sample"
version = "0.11.0"
source = "registry+https://github.com/rust-lang/crates.io-index"
checksum = "0c87e182de0887fd5361989c677c4e8f5000cd9491d6d563161a8f3a5519fc7f"

[[package]]
name = "either"
version = "1.13.0"
source = "registry+https://github.com/rust-lang/crates.io-index"
checksum = "60b1af1c220855b6ceac025d3f6ecdd2b7c4894bfe9cd9bda4fbb4bc7c0d4cf0"

[[package]]
name = "equivalent"
version = "1.0.1"
source = "registry+https://github.com/rust-lang/crates.io-index"
checksum = "5443807d6dff69373d433ab9ef5378ad8df50ca6298caf15de6e52e24aaf54d5"

[[package]]
name = "errno"
version = "0.3.9"
source = "registry+https://github.com/rust-lang/crates.io-index"
checksum = "534c5cf6194dfab3db3242765c03bbe257cf92f22b38f6bc0c58d59108a820ba"
dependencies = [
 "libc",
 "windows-sys 0.52.0",
]

[[package]]
name = "flate2"
version = "1.0.31"
source = "registry+https://github.com/rust-lang/crates.io-index"
checksum = "7f211bbe8e69bbd0cfdea405084f128ae8b4aaa6b0b522fc8f2b009084797920"
dependencies = [
 "crc32fast",
 "miniz_oxide",
]

[[package]]
name = "form_urlencoded"
version = "1.2.1"
source = "registry+https://github.com/rust-lang/crates.io-index"
checksum = "e13624c2627564efccf4934284bdd98cbaa14e79b0b5a141218e507b3a823456"
dependencies = [
 "percent-encoding",
]

[[package]]
name = "generational-arena"
version = "0.2.9"
source = "registry+https://github.com/rust-lang/crates.io-index"
checksum = "877e94aff08e743b651baaea359664321055749b398adff8740a7399af7796e7"
dependencies = [
 "cfg-if",
]

[[package]]
name = "getrandom"
version = "0.2.15"
source = "registry+https://github.com/rust-lang/crates.io-index"
checksum = "c4567c8db10ae91089c99af84c68c38da3ec2f087c3f82960bcdbf3656b6f4d7"
dependencies = [
 "cfg-if",
 "libc",
 "wasi",
]

[[package]]
name = "gimli"
version = "0.29.0"
source = "registry+https://github.com/rust-lang/crates.io-index"
checksum = "40ecd4077b5ae9fd2e9e169b102c6c330d0605168eb0e8bf79952b256dbefffd"

[[package]]
name = "glob"
version = "0.3.1"
source = "registry+https://github.com/rust-lang/crates.io-index"
checksum = "d2fabcfbdc87f4758337ca535fb41a6d701b65693ce38287d856d1674551ec9b"

[[package]]
name = "hashbrown"
version = "0.14.5"
source = "registry+https://github.com/rust-lang/crates.io-index"
checksum = "e5274423e17b7c9fc20b6e7e208532f9b19825d82dfd615708b70edd83df41f1"

[[package]]
name = "home"
version = "0.5.9"
source = "registry+https://github.com/rust-lang/crates.io-index"
checksum = "e3d1354bf6b7235cb4a0576c2619fd4ed18183f689b12b006a0ee7329eeff9a5"
dependencies = [
 "windows-sys 0.52.0",
]

[[package]]
name = "hub"
version = "0.1.0"
dependencies = [
 "lib_player",
 "once_cell",
 "prost",
 "revelation-mobile-midi-to-mml",
 "rinf",
 "tokio",
]

[[package]]
name = "idna"
version = "0.5.0"
source = "registry+https://github.com/rust-lang/crates.io-index"
checksum = "634d9b1461af396cad843f47fdba5597a4f9e6ddd4bfb6ff5d85028c25cb12f6"
dependencies = [
 "unicode-bidi",
 "unicode-normalization",
]

[[package]]
name = "indexmap"
version = "2.3.0"
source = "registry+https://github.com/rust-lang/crates.io-index"
checksum = "de3fc2e30ba82dd1b3911c8de1ffc143c74a914a14e99514d7637e3099df5ea0"
dependencies = [
 "equivalent",
 "hashbrown",
]

[[package]]
name = "itertools"
version = "0.12.1"
source = "registry+https://github.com/rust-lang/crates.io-index"
checksum = "ba291022dbbd398a455acf126c1e341954079855bc60dfdda641363bd6922569"
dependencies = [
 "either",
]

[[package]]
name = "jni"
version = "0.21.1"
source = "registry+https://github.com/rust-lang/crates.io-index"
checksum = "1a87aa2bb7d2af34197c04845522473242e1aa17c12f4935d5856491a7fb8c97"
dependencies = [
 "cesu8",
 "cfg-if",
 "combine",
 "jni-sys",
 "log",
 "thiserror",
 "walkdir",
 "windows-sys 0.45.0",
]

[[package]]
name = "jni-sys"
version = "0.3.0"
source = "registry+https://github.com/rust-lang/crates.io-index"
checksum = "8eaf4bc02d17cbdd7ff4c7438cafcdf7fb9a4613313ad11b4f8fefe7d3fa0130"

[[package]]
name = "jobserver"
version = "0.1.32"
source = "registry+https://github.com/rust-lang/crates.io-index"
checksum = "48d1dbcbbeb6a7fec7e059840aa538bd62aaccf972c7346c4d9d2059312853d0"
dependencies = [
 "libc",
]

[[package]]
name = "js-sys"
version = "0.3.69"
source = "registry+https://github.com/rust-lang/crates.io-index"
checksum = "29c15563dc2726973df627357ce0c9ddddbea194836909d655df6a75d2cf296d"
dependencies = [
 "wasm-bindgen",
]

[[package]]
name = "lazy_static"
version = "1.5.0"
source = "registry+https://github.com/rust-lang/crates.io-index"
checksum = "bbd2bcb4c963f2ddae06a2efc7e9f3591312473c50c6685e1f298068316e66fe"

[[package]]
name = "lazycell"
version = "1.3.0"
source = "registry+https://github.com/rust-lang/crates.io-index"
checksum = "830d08ce1d1d941e6b30645f1a0eb5643013d835ce3779a5fc208261dbe10f55"

[[package]]
name = "lib_player"
version = "0.1.0"
dependencies = [
 "cpal",
 "jni",
 "ndk-context",
 "oxisynth",
 "revelation-mobile-midi-to-mml",
]

[[package]]
name = "libc"
version = "0.2.155"
source = "registry+https://github.com/rust-lang/crates.io-index"
checksum = "97b3888a4aecf77e811145cadf6eef5901f4782c53886191b2f693f24761847c"

[[package]]
name = "libloading"
version = "0.8.5"
source = "registry+https://github.com/rust-lang/crates.io-index"
checksum = "4979f22fdb869068da03c9f7528f8297c6fd2606bc3a4affe42e6a823fdb8da4"
dependencies = [
 "cfg-if",
 "windows-targets 0.52.6",
]

[[package]]
name = "linux-raw-sys"
version = "0.4.14"
source = "registry+https://github.com/rust-lang/crates.io-index"
checksum = "78b3ae25bc7c8c38cec158d1f2757ee79e9b3740fbc7ccf0e59e4b08d793fa89"

[[package]]
name = "log"
version = "0.4.22"
source = "registry+https://github.com/rust-lang/crates.io-index"
checksum = "a7a70ba024b9dc04c27ea2f0c0548feb474ec5c54bba33a7f72f873a39d07b24"

[[package]]
name = "mach2"
version = "0.4.2"
source = "registry+https://github.com/rust-lang/crates.io-index"
checksum = "19b955cdeb2a02b9117f121ce63aa52d08ade45de53e48fe6a38b39c10f6f709"
dependencies = [
 "libc",
]

[[package]]
name = "memchr"
version = "2.7.4"
source = "registry+https://github.com/rust-lang/crates.io-index"
checksum = "78ca9ab1a0babb1e7d5695e3530886289c18cf2f87ec19a575a0abdce112e3a3"

[[package]]
name = "midly"
version = "0.5.3"
source = "registry+https://github.com/rust-lang/crates.io-index"
checksum = "207d755f4cb882d20c4da58d707ca9130a0c9bc5061f657a4f299b8e36362b7a"
dependencies = [
 "rayon",
]

[[package]]
name = "minimal-lexical"
version = "0.2.1"
source = "registry+https://github.com/rust-lang/crates.io-index"
checksum = "68354c5c6bd36d73ff3feceb05efa59b6acb7626617f4962be322a825e61f79a"

[[package]]
name = "miniz_oxide"
version = "0.7.4"
source = "registry+https://github.com/rust-lang/crates.io-index"
checksum = "b8a240ddb74feaf34a79a7add65a741f3167852fba007066dcac1ca548d89c08"
dependencies = [
 "adler",
]

[[package]]
name = "ndk"
version = "0.8.0"
source = "registry+https://github.com/rust-lang/crates.io-index"
checksum = "2076a31b7010b17a38c01907c45b945e8f11495ee4dd588309718901b1f7a5b7"
dependencies = [
 "bitflags 2.6.0",
 "jni-sys",
 "log",
 "ndk-sys",
 "num_enum",
 "thiserror",
]

[[package]]
name = "ndk-context"
version = "0.1.1"
source = "registry+https://github.com/rust-lang/crates.io-index"
checksum = "27b02d87554356db9e9a873add8782d4ea6e3e58ea071a9adb9a2e8ddb884a8b"

[[package]]
name = "ndk-sys"
version = "0.5.0+25.2.9519653"
source = "registry+https://github.com/rust-lang/crates.io-index"
checksum = "8c196769dd60fd4f363e11d948139556a344e79d451aeb2fa2fd040738ef7691"
dependencies = [
 "jni-sys",
]

[[package]]
name = "nom"
version = "7.1.3"
source = "registry+https://github.com/rust-lang/crates.io-index"
checksum = "d273983c5a657a70a3e8f2a01329822f3b8c8172b73826411a55751e404a0a4a"
dependencies = [
 "memchr",
 "minimal-lexical",
]

[[package]]
name = "num-derive"
version = "0.4.2"
source = "registry+https://github.com/rust-lang/crates.io-index"
checksum = "ed3955f1a9c7c0c15e092f9c887db08b1fc683305fdf6eb6684f22555355e202"
dependencies = [
 "proc-macro2",
 "quote",
 "syn",
]

[[package]]
name = "num-traits"
version = "0.2.19"
source = "registry+https://github.com/rust-lang/crates.io-index"
checksum = "071dfc062690e90b734c0b2273ce72ad0ffa95f0c74596bc250dcfd960262841"
dependencies = [
 "autocfg",
]

[[package]]
name = "num_enum"
version = "0.7.3"
source = "registry+https://github.com/rust-lang/crates.io-index"
checksum = "4e613fc340b2220f734a8595782c551f1250e969d87d3be1ae0579e8d4065179"
dependencies = [
 "num_enum_derive",
]

[[package]]
name = "num_enum_derive"
version = "0.7.3"
source = "registry+https://github.com/rust-lang/crates.io-index"
checksum = "af1844ef2428cc3e1cb900be36181049ef3d3193c63e43026cfe202983b27a56"
dependencies = [
 "proc-macro-crate",
 "proc-macro2",
 "quote",
 "syn",
]

[[package]]
name = "object"
version = "0.36.2"
source = "registry+https://github.com/rust-lang/crates.io-index"
checksum = "3f203fa8daa7bb185f760ae12bd8e097f63d17041dcdcaf675ac54cdf863170e"
dependencies = [
 "memchr",
]

[[package]]
name = "oboe"
version = "0.6.1"
source = "registry+https://github.com/rust-lang/crates.io-index"
checksum = "e8b61bebd49e5d43f5f8cc7ee2891c16e0f41ec7954d36bcb6c14c5e0de867fb"
dependencies = [
 "jni",
 "ndk",
 "ndk-context",
 "num-derive",
 "num-traits",
 "oboe-sys",
]

[[package]]
name = "oboe-sys"
version = "0.6.1"
source = "registry+https://github.com/rust-lang/crates.io-index"
checksum = "6c8bb09a4a2b1d668170cfe0a7d5bc103f8999fb316c98099b6a9939c9f2e79d"
dependencies = [
 "cc",
]

[[package]]
name = "once_cell"
version = "1.19.0"
source = "registry+https://github.com/rust-lang/crates.io-index"
checksum = "3fdb12b2476b595f9358c5161aa467c2438859caa136dec86c26fdd2efe17b92"

[[package]]
name = "os-thread-local"
version = "0.1.3"
source = "registry+https://github.com/rust-lang/crates.io-index"
checksum = "dd7fc7fa9ea7dc8907f9b10e730106ed0011926e7f5abb382530ac91d1af2b7c"
dependencies = [
 "libc",
 "winapi",
]

[[package]]
name = "oxisynth"
version = "0.0.5"
source = "registry+https://github.com/rust-lang/crates.io-index"
checksum = "8ac4177ce94a34c3bcfa9e39f8338c8170918faa560d00dd923d984331a749e4"
dependencies = [
 "bitflags 2.6.0",
 "byte-slice-cast",
 "byteorder",
 "generational-arena",
 "lazy_static",
 "log",
 "num-derive",
 "num-traits",
 "soundfont",
 "thiserror",
]

[[package]]
name = "percent-encoding"
version = "2.3.1"
source = "registry+https://github.com/rust-lang/crates.io-index"
checksum = "e3148f5046208a5d56bcfc03053e3ca6334e51da8dfb19b6cdc8b306fae3283e"

[[package]]
name = "pin-project-lite"
version = "0.2.14"
source = "registry+https://github.com/rust-lang/crates.io-index"
checksum = "bda66fc9667c18cb2758a2ac84d1167245054bcf85d5d1aaa6923f45801bdd02"

[[package]]
name = "pkg-config"
version = "0.3.30"
source = "registry+https://github.com/rust-lang/crates.io-index"
checksum = "d231b230927b5e4ad203db57bbcbee2802f6bce620b1e4a9024a07d94e2907ec"

[[package]]
name = "proc-macro-crate"
version = "3.1.0"
source = "registry+https://github.com/rust-lang/crates.io-index"
checksum = "6d37c51ca738a55da99dc0c4a34860fd675453b8b36209178c2249bb13651284"
dependencies = [
 "toml_edit",
]

[[package]]
name = "proc-macro2"
version = "1.0.86"
source = "registry+https://github.com/rust-lang/crates.io-index"
checksum = "5e719e8df665df0d1c8fbfd238015744736151d4445ec0836b8e628aae103b77"
dependencies = [
 "unicode-ident",
]

[[package]]
name = "prost"
version = "0.12.6"
source = "registry+https://github.com/rust-lang/crates.io-index"
checksum = "deb1435c188b76130da55f17a466d252ff7b1418b2ad3e037d127b94e3411f29"
dependencies = [
 "bytes",
 "prost-derive",
]

[[package]]
name = "prost-derive"
version = "0.12.6"
source = "registry+https://github.com/rust-lang/crates.io-index"
checksum = "81bddcdb20abf9501610992b6759a4c888aef7d1a7247ef75e2404275ac24af1"
dependencies = [
 "anyhow",
 "itertools",
 "proc-macro2",
 "quote",
 "syn",
]

[[package]]
name = "protoc-prebuilt"
version = "0.3.0"
source = "registry+https://github.com/rust-lang/crates.io-index"
checksum = "4d85d4641fe3b8c6e853dfd09fe35379bc6b6e66bd692ac29ed4f7087de69ed5"
dependencies = [
 "ureq",
 "zip",
]

[[package]]
name = "quote"
version = "1.0.36"
source = "registry+https://github.com/rust-lang/crates.io-index"
checksum = "0fa76aaf39101c457836aec0ce2316dbdc3ab723cdda1c6bd4e6ad4208acaca7"
dependencies = [
 "proc-macro2",
]

[[package]]
name = "rayon"
version = "1.10.0"
source = "registry+https://github.com/rust-lang/crates.io-index"
checksum = "b418a60154510ca1a002a752ca9714984e21e4241e804d32555251faf8b78ffa"
dependencies = [
 "either",
 "rayon-core",
]

[[package]]
name = "rayon-core"
version = "1.12.1"
source = "registry+https://github.com/rust-lang/crates.io-index"
checksum = "1465873a3dfdaa8ae7cb14b4383657caab0b3e8a0aa9ae8e04b044854c8dfce2"
dependencies = [
 "crossbeam-deque",
 "crossbeam-utils",
]

[[package]]
name = "regex"
version = "1.10.6"
source = "registry+https://github.com/rust-lang/crates.io-index"
checksum = "4219d74c6b67a3654a9fbebc4b419e22126d13d2f3c4a07ee0cb61ff79a79619"
dependencies = [
 "aho-corasick",
 "memchr",
 "regex-automata",
 "regex-syntax",
]

[[package]]
name = "regex-automata"
version = "0.4.7"
source = "registry+https://github.com/rust-lang/crates.io-index"
checksum = "38caf58cc5ef2fed281f89292ef23f6365465ed9a41b7a7754eb4e26496c92df"
dependencies = [
 "aho-corasick",
 "memchr",
 "regex-syntax",
]

[[package]]
name = "regex-syntax"
version = "0.8.4"
source = "registry+https://github.com/rust-lang/crates.io-index"
checksum = "7a66a03ae7c801facd77a29370b4faec201768915ac14a721ba36f20bc9c209b"

[[package]]
name = "revelation-mobile-midi-to-mml"
version = "0.1.3"
dependencies = [
 "midly",
]

[[package]]
name = "riff"
version = "1.0.1"
source = "registry+https://github.com/rust-lang/crates.io-index"
checksum = "b9b1a3d5f46d53f4a3478e2be4a5a5ce5108ea58b100dcd139830eae7f79a3a1"

[[package]]
name = "rinf"
version = "6.15.0"
source = "registry+https://github.com/rust-lang/crates.io-index"
checksum = "f3e58a88b1d366e17e6ab9e09d81bc1bf22017333d94fee58a8c1739baa11ce5"
dependencies = [
 "allo-isolate",
 "home",
 "js-sys",
 "os-thread-local",
 "protoc-prebuilt",
 "tokio",
 "wasm-bindgen",
 "wasm-bindgen-futures",
 "which",
]

[[package]]
name = "ring"
version = "0.17.8"
source = "registry+https://github.com/rust-lang/crates.io-index"
checksum = "c17fa4cb658e3583423e915b9f3acc01cceaee1860e33d59ebae66adc3a2dc0d"
dependencies = [
 "cc",
 "cfg-if",
 "getrandom",
 "libc",
 "spin",
 "untrusted",
 "windows-sys 0.52.0",
]

[[package]]
name = "rustc-demangle"
version = "0.1.24"
source = "registry+https://github.com/rust-lang/crates.io-index"
checksum = "719b953e2095829ee67db738b3bfa9fa368c94900df327b3f07fe6e794d2fe1f"

[[package]]
name = "rustc-hash"
version = "1.1.0"
source = "registry+https://github.com/rust-lang/crates.io-index"
checksum = "08d43f7aa6b08d49f382cde6a7982047c3426db949b1424bc4b7ec9ae12c6ce2"

[[package]]
name = "rustix"
version = "0.38.34"
source = "registry+https://github.com/rust-lang/crates.io-index"
checksum = "70dc5ec042f7a43c4a73241207cecc9873a06d45debb38b329f8541d85c2730f"
dependencies = [
 "bitflags 2.6.0",
 "errno",
 "libc",
 "linux-raw-sys",
 "windows-sys 0.52.0",
]

[[package]]
name = "rustls"
version = "0.23.12"
source = "registry+https://github.com/rust-lang/crates.io-index"
checksum = "c58f8c84392efc0a126acce10fa59ff7b3d2ac06ab451a33f2741989b806b044"
dependencies = [
 "log",
 "once_cell",
 "ring",
 "rustls-pki-types",
 "rustls-webpki",
 "subtle",
 "zeroize",
]

[[package]]
name = "rustls-pki-types"
version = "1.7.0"
source = "registry+https://github.com/rust-lang/crates.io-index"
checksum = "976295e77ce332211c0d24d92c0e83e50f5c5f046d11082cea19f3df13a3562d"

[[package]]
name = "rustls-webpki"
version = "0.102.6"
source = "registry+https://github.com/rust-lang/crates.io-index"
checksum = "8e6b52d4fda176fd835fdc55a835d4a89b8499cad995885a21149d5ad62f852e"
dependencies = [
 "ring",
 "rustls-pki-types",
 "untrusted",
]

[[package]]
name = "same-file"
version = "1.0.6"
source = "registry+https://github.com/rust-lang/crates.io-index"
checksum = "93fc1dc3aaa9bfed95e02e6eadabb4baf7e3078b0bd1b4d7b6b0b68378900502"
dependencies = [
 "winapi-util",
]

[[package]]
name = "shlex"
version = "1.3.0"
source = "registry+https://github.com/rust-lang/crates.io-index"
checksum = "0fda2ff0d084019ba4d7c6f371c95d8fd75ce3524c3cb8fb653a3023f6323e64"

[[package]]
name = "soundfont"
version = "0.0.3"
source = "registry+https://github.com/rust-lang/crates.io-index"
checksum = "88f3c4ee9be1386dc5d4f33fb1df6f813eb2f49510cb24e8bfd30784f4853fce"
dependencies = [
 "riff",
]

[[package]]
name = "spin"
version = "0.9.8"
source = "registry+https://github.com/rust-lang/crates.io-index"
checksum = "6980e8d7511241f8acf4aebddbb1ff938df5eebe98691418c4468d0b72a96a67"

[[package]]
name = "subtle"
version = "2.6.1"
source = "registry+https://github.com/rust-lang/crates.io-index"
checksum = "13c2bddecc57b384dee18652358fb23172facb8a2c51ccc10d74c157bdea3292"

[[package]]
name = "syn"
version = "2.0.72"
source = "registry+https://github.com/rust-lang/crates.io-index"
checksum = "dc4b9b9bf2add8093d3f2c0204471e951b2285580335de42f9d2534f3ae7a8af"
dependencies = [
 "proc-macro2",
 "quote",
 "unicode-ident",
]

[[package]]
name = "thiserror"
version = "1.0.63"
source = "registry+https://github.com/rust-lang/crates.io-index"
checksum = "c0342370b38b6a11b6cc11d6a805569958d54cfa061a29969c3b5ce2ea405724"
dependencies = [
 "thiserror-impl",
]

[[package]]
name = "thiserror-impl"
version = "1.0.63"
source = "registry+https://github.com/rust-lang/crates.io-index"
checksum = "a4558b58466b9ad7ca0f102865eccc95938dca1a74a856f2b57b6629050da261"
dependencies = [
 "proc-macro2",
 "quote",
 "syn",
]

[[package]]
name = "tinyvec"
version = "1.8.0"
source = "registry+https://github.com/rust-lang/crates.io-index"
checksum = "445e881f4f6d382d5f27c034e25eb92edd7c784ceab92a0937db7f2e9471b938"
dependencies = [
 "tinyvec_macros",
]

[[package]]
name = "tinyvec_macros"
version = "0.1.1"
source = "registry+https://github.com/rust-lang/crates.io-index"
checksum = "1f3ccbac311fea05f86f61904b462b55fb3df8837a366dfc601a0161d0532f20"

[[package]]
name = "tokio"
version = "1.39.2"
source = "registry+https://github.com/rust-lang/crates.io-index"
checksum = "daa4fb1bc778bd6f04cbfc4bb2d06a7396a8f299dc33ea1900cedaa316f467b1"
dependencies = [
 "backtrace",
 "pin-project-lite",
]

[[package]]
name = "toml_datetime"
version = "0.6.8"
source = "registry+https://github.com/rust-lang/crates.io-index"
checksum = "0dd7358ecb8fc2f8d014bf86f6f638ce72ba252a2c3a2572f2a795f1d23efb41"

[[package]]
name = "toml_edit"
version = "0.21.1"
source = "registry+https://github.com/rust-lang/crates.io-index"
checksum = "6a8534fd7f78b5405e860340ad6575217ce99f38d4d5c8f2442cb5ecb50090e1"
dependencies = [
 "indexmap",
 "toml_datetime",
 "winnow",
]

[[package]]
name = "unicode-bidi"
version = "0.3.15"
source = "registry+https://github.com/rust-lang/crates.io-index"
checksum = "08f95100a766bf4f8f28f90d77e0a5461bbdb219042e7679bebe79004fed8d75"

[[package]]
name = "unicode-ident"
version = "1.0.12"
source = "registry+https://github.com/rust-lang/crates.io-index"
checksum = "3354b9ac3fae1ff6755cb6db53683adb661634f67557942dea4facebec0fee4b"

[[package]]
name = "unicode-normalization"
version = "0.1.23"
source = "registry+https://github.com/rust-lang/crates.io-index"
checksum = "a56d1686db2308d901306f92a263857ef59ea39678a5458e7cb17f01415101f5"
dependencies = [
 "tinyvec",
]

[[package]]
name = "untrusted"
version = "0.9.0"
source = "registry+https://github.com/rust-lang/crates.io-index"
checksum = "8ecb6da28b8a351d773b68d5825ac39017e680750f980f3a1a85cd8dd28a47c1"

[[package]]
name = "ureq"
version = "2.10.0"
source = "registry+https://github.com/rust-lang/crates.io-index"
checksum = "72139d247e5f97a3eff96229a7ae85ead5328a39efe76f8bf5a06313d505b6ea"
dependencies = [
 "base64",
 "log",
 "once_cell",
 "rustls",
 "rustls-pki-types",
 "url",
 "webpki-roots",
]

[[package]]
name = "url"
version = "2.5.2"
source = "registry+https://github.com/rust-lang/crates.io-index"
checksum = "22784dbdf76fdde8af1aeda5622b546b422b6fc585325248a2bf9f5e41e94d6c"
dependencies = [
 "form_urlencoded",
 "idna",
 "percent-encoding",
]

[[package]]
name = "walkdir"
version = "2.5.0"
source = "registry+https://github.com/rust-lang/crates.io-index"
checksum = "29790946404f91d9c5d06f9874efddea1dc06c5efe94541a7d6863108e3a5e4b"
dependencies = [
 "same-file",
 "winapi-util",
]

[[package]]
name = "wasi"
version = "0.11.0+wasi-snapshot-preview1"
source = "registry+https://github.com/rust-lang/crates.io-index"
checksum = "9c8d87e72b64a3b4db28d11ce29237c246188f4f51057d65a7eab63b7987e423"

[[package]]
name = "wasm-bindgen"
version = "0.2.92"
source = "registry+https://github.com/rust-lang/crates.io-index"
checksum = "4be2531df63900aeb2bca0daaaddec08491ee64ceecbee5076636a3b026795a8"
dependencies = [
 "cfg-if",
 "wasm-bindgen-macro",
]

[[package]]
name = "wasm-bindgen-backend"
version = "0.2.92"
source = "registry+https://github.com/rust-lang/crates.io-index"
checksum = "614d787b966d3989fa7bb98a654e369c762374fd3213d212cfc0251257e747da"
dependencies = [
 "bumpalo",
 "log",
 "once_cell",
 "proc-macro2",
 "quote",
 "syn",
 "wasm-bindgen-shared",
]

[[package]]
name = "wasm-bindgen-futures"
version = "0.4.42"
source = "registry+https://github.com/rust-lang/crates.io-index"
checksum = "76bc14366121efc8dbb487ab05bcc9d346b3b5ec0eaa76e46594cabbe51762c0"
dependencies = [
 "cfg-if",
 "js-sys",
 "wasm-bindgen",
 "web-sys",
]

[[package]]
name = "wasm-bindgen-macro"
version = "0.2.92"
source = "registry+https://github.com/rust-lang/crates.io-index"
checksum = "a1f8823de937b71b9460c0c34e25f3da88250760bec0ebac694b49997550d726"
dependencies = [
 "quote",
 "wasm-bindgen-macro-support",
]

[[package]]
name = "wasm-bindgen-macro-support"
version = "0.2.92"
source = "registry+https://github.com/rust-lang/crates.io-index"
checksum = "e94f17b526d0a461a191c78ea52bbce64071ed5c04c9ffe424dcb38f74171bb7"
dependencies = [
 "proc-macro2",
 "quote",
 "syn",
 "wasm-bindgen-backend",
 "wasm-bindgen-shared",
]

[[package]]
name = "wasm-bindgen-shared"
version = "0.2.92"
source = "registry+https://github.com/rust-lang/crates.io-index"
checksum = "af190c94f2773fdb3729c55b007a722abb5384da03bc0986df4c289bf5567e96"

[[package]]
name = "web-sys"
version = "0.3.69"
source = "registry+https://github.com/rust-lang/crates.io-index"
checksum = "77afa9a11836342370f4817622a2f0f418b134426d91a82dfb48f532d2ec13ef"
dependencies = [
 "js-sys",
 "wasm-bindgen",
]

[[package]]
name = "webpki-roots"
version = "0.26.3"
source = "registry+https://github.com/rust-lang/crates.io-index"
checksum = "bd7c23921eeb1713a4e851530e9b9756e4fb0e89978582942612524cf09f01cd"
dependencies = [
 "rustls-pki-types",
]

[[package]]
name = "which"
version = "6.0.2"
source = "registry+https://github.com/rust-lang/crates.io-index"
checksum = "3d9c5ed668ee1f17edb3b627225343d210006a90bb1e3745ce1f30b1fb115075"
dependencies = [
 "either",
 "home",
 "rustix",
 "winsafe",
]

[[package]]
name = "winapi"
version = "0.3.9"
source = "registry+https://github.com/rust-lang/crates.io-index"
checksum = "5c839a674fcd7a98952e593242ea400abe93992746761e38641405d28b00f419"
dependencies = [
 "winapi-i686-pc-windows-gnu",
 "winapi-x86_64-pc-windows-gnu",
]

[[package]]
name = "winapi-i686-pc-windows-gnu"
version = "0.4.0"
source = "registry+https://github.com/rust-lang/crates.io-index"
checksum = "ac3b87c63620426dd9b991e5ce0329eff545bccbbb34f3be09ff6fb6ab51b7b6"

[[package]]
name = "winapi-util"
version = "0.1.9"
source = "registry+https://github.com/rust-lang/crates.io-index"
checksum = "cf221c93e13a30d793f7645a0e7762c55d169dbb0a49671918a2319d289b10bb"
dependencies = [
 "windows-sys 0.52.0",
]

[[package]]
name = "winapi-x86_64-pc-windows-gnu"
version = "0.4.0"
source = "registry+https://github.com/rust-lang/crates.io-index"
checksum = "712e227841d057c1ee1cd2fb22fa7e5a5461ae8e48fa2ca79ec42cfc1931183f"

[[package]]
name = "windows"
version = "0.54.0"
source = "registry+https://github.com/rust-lang/crates.io-index"
checksum = "9252e5725dbed82865af151df558e754e4a3c2c30818359eb17465f1346a1b49"
dependencies = [
 "windows-core",
 "windows-implement",
 "windows-interface",
 "windows-targets 0.52.6",
]

[[package]]
name = "windows-core"
version = "0.54.0"
source = "registry+https://github.com/rust-lang/crates.io-index"
checksum = "12661b9c89351d684a50a8a643ce5f608e20243b9fb84687800163429f161d65"
dependencies = [
 "windows-result",
 "windows-targets 0.52.6",
]

[[package]]
name = "windows-implement"
version = "0.53.0"
source = "registry+https://github.com/rust-lang/crates.io-index"
checksum = "942ac266be9249c84ca862f0a164a39533dc2f6f33dc98ec89c8da99b82ea0bd"
dependencies = [
 "proc-macro2",
 "quote",
 "syn",
]

[[package]]
name = "windows-interface"
version = "0.53.0"
source = "registry+https://github.com/rust-lang/crates.io-index"
checksum = "da33557140a288fae4e1d5f8873aaf9eb6613a9cf82c3e070223ff177f598b60"
dependencies = [
 "proc-macro2",
 "quote",
 "syn",
]

[[package]]
name = "windows-result"
version = "0.1.2"
source = "registry+https://github.com/rust-lang/crates.io-index"
checksum = "5e383302e8ec8515204254685643de10811af0ed97ea37210dc26fb0032647f8"
dependencies = [
 "windows-targets 0.52.6",
]

[[package]]
name = "windows-sys"
version = "0.45.0"
source = "registry+https://github.com/rust-lang/crates.io-index"
checksum = "75283be5efb2831d37ea142365f009c02ec203cd29a3ebecbc093d52315b66d0"
dependencies = [
 "windows-targets 0.42.2",
]

[[package]]
name = "windows-sys"
version = "0.52.0"
source = "registry+https://github.com/rust-lang/crates.io-index"
checksum = "282be5f36a8ce781fad8c8ae18fa3f9beff57ec1b52cb3de0789201425d9a33d"
dependencies = [
 "windows-targets 0.52.6",
]

[[package]]
name = "windows-targets"
version = "0.42.2"
source = "registry+https://github.com/rust-lang/crates.io-index"
checksum = "8e5180c00cd44c9b1c88adb3693291f1cd93605ded80c250a75d472756b4d071"
dependencies = [
 "windows_aarch64_gnullvm 0.42.2",
 "windows_aarch64_msvc 0.42.2",
 "windows_i686_gnu 0.42.2",
 "windows_i686_msvc 0.42.2",
 "windows_x86_64_gnu 0.42.2",
 "windows_x86_64_gnullvm 0.42.2",
 "windows_x86_64_msvc 0.42.2",
]

[[package]]
name = "windows-targets"
version = "0.52.6"
source = "registry+https://github.com/rust-lang/crates.io-index"
checksum = "9b724f72796e036ab90c1021d4780d4d3d648aca59e491e6b98e725b84e99973"
dependencies = [
 "windows_aarch64_gnullvm 0.52.6",
 "windows_aarch64_msvc 0.52.6",
 "windows_i686_gnu 0.52.6",
 "windows_i686_gnullvm",
 "windows_i686_msvc 0.52.6",
 "windows_x86_64_gnu 0.52.6",
 "windows_x86_64_gnullvm 0.52.6",
 "windows_x86_64_msvc 0.52.6",
]

[[package]]
name = "windows_aarch64_gnullvm"
version = "0.42.2"
source = "registry+https://github.com/rust-lang/crates.io-index"
checksum = "597a5118570b68bc08d8d59125332c54f1ba9d9adeedeef5b99b02ba2b0698f8"

[[package]]
name = "windows_aarch64_gnullvm"
version = "0.52.6"
source = "registry+https://github.com/rust-lang/crates.io-index"
checksum = "32a4622180e7a0ec044bb555404c800bc9fd9ec262ec147edd5989ccd0c02cd3"

[[package]]
name = "windows_aarch64_msvc"
version = "0.42.2"
source = "registry+https://github.com/rust-lang/crates.io-index"
checksum = "e08e8864a60f06ef0d0ff4ba04124db8b0fb3be5776a5cd47641e942e58c4d43"

[[package]]
name = "windows_aarch64_msvc"
version = "0.52.6"
source = "registry+https://github.com/rust-lang/crates.io-index"
checksum = "09ec2a7bb152e2252b53fa7803150007879548bc709c039df7627cabbd05d469"

[[package]]
name = "windows_i686_gnu"
version = "0.42.2"
source = "registry+https://github.com/rust-lang/crates.io-index"
checksum = "c61d927d8da41da96a81f029489353e68739737d3beca43145c8afec9a31a84f"

[[package]]
name = "windows_i686_gnu"
version = "0.52.6"
source = "registry+https://github.com/rust-lang/crates.io-index"
checksum = "8e9b5ad5ab802e97eb8e295ac6720e509ee4c243f69d781394014ebfe8bbfa0b"

[[package]]
name = "windows_i686_gnullvm"
version = "0.52.6"
source = "registry+https://github.com/rust-lang/crates.io-index"
checksum = "0eee52d38c090b3caa76c563b86c3a4bd71ef1a819287c19d586d7334ae8ed66"

[[package]]
name = "windows_i686_msvc"
version = "0.42.2"
source = "registry+https://github.com/rust-lang/crates.io-index"
checksum = "44d840b6ec649f480a41c8d80f9c65108b92d89345dd94027bfe06ac444d1060"

[[package]]
name = "windows_i686_msvc"
version = "0.52.6"
source = "registry+https://github.com/rust-lang/crates.io-index"
checksum = "240948bc05c5e7c6dabba28bf89d89ffce3e303022809e73deaefe4f6ec56c66"

[[package]]
name = "windows_x86_64_gnu"
version = "0.42.2"
source = "registry+https://github.com/rust-lang/crates.io-index"
checksum = "8de912b8b8feb55c064867cf047dda097f92d51efad5b491dfb98f6bbb70cb36"

[[package]]
name = "windows_x86_64_gnu"
version = "0.52.6"
source = "registry+https://github.com/rust-lang/crates.io-index"
checksum = "147a5c80aabfbf0c7d901cb5895d1de30ef2907eb21fbbab29ca94c5b08b1a78"

[[package]]
name = "windows_x86_64_gnullvm"
version = "0.42.2"
source = "registry+https://github.com/rust-lang/crates.io-index"
checksum = "26d41b46a36d453748aedef1486d5c7a85db22e56aff34643984ea85514e94a3"

[[package]]
name = "windows_x86_64_gnullvm"
version = "0.52.6"
source = "registry+https://github.com/rust-lang/crates.io-index"
checksum = "24d5b23dc417412679681396f2b49f3de8c1473deb516bd34410872eff51ed0d"

[[package]]
name = "windows_x86_64_msvc"
version = "0.42.2"
source = "registry+https://github.com/rust-lang/crates.io-index"
checksum = "9aec5da331524158c6d1a4ac0ab1541149c0b9505fde06423b02f5ef0106b9f0"

[[package]]
name = "windows_x86_64_msvc"
version = "0.52.6"
source = "registry+https://github.com/rust-lang/crates.io-index"
checksum = "589f6da84c646204747d1270a2a5661ea66ed1cced2631d546fdfb155959f9ec"

[[package]]
name = "winnow"
version = "0.5.40"
source = "registry+https://github.com/rust-lang/crates.io-index"
checksum = "f593a95398737aeed53e489c785df13f3618e41dbcd6718c6addbf1395aa6876"
dependencies = [
 "memchr",
]

[[package]]
name = "winsafe"
version = "0.0.19"
source = "registry+https://github.com/rust-lang/crates.io-index"
checksum = "d135d17ab770252ad95e9a872d365cf3090e3be864a34ab46f48555993efc904"

[[package]]
name = "zeroize"
version = "1.8.1"
source = "registry+https://github.com/rust-lang/crates.io-index"
checksum = "ced3678a2879b30306d323f4542626697a464a97c0a07c9aebf7ebca65cd4dde"

[[package]]
name = "zip"
version = "0.6.6"
source = "registry+https://github.com/rust-lang/crates.io-index"
checksum = "760394e246e4c28189f19d488c058bf16f564016aefac5d32bb1f3b51d5e9261"
dependencies = [
 "byteorder",
 "crc32fast",
 "crossbeam-utils",
 "flate2",
]
